// !$*UTF8*$!
{
	archiveVersion = 1;
	classes = {
	};
	objectVersion = 55;
	objects = {

/* Begin PBXBuildFile section */
		94DC453C28B015D60066C2B3 /* WarCardGameApp.swift in Sources */ = {isa = PBXBuildFile; fileRef = 94DC453B28B015D60066C2B3 /* WarCardGameApp.swift */; };
		94DC453E28B015D60066C2B3 /* ContentView.swift in Sources */ = {isa = PBXBuildFile; fileRef = 94DC453D28B015D60066C2B3 /* ContentView.swift */; };
		94DC454028B015D70066C2B3 /* Assets.xcassets in Resources */ = {isa = PBXBuildFile; fileRef = 94DC453F28B015D70066C2B3 /* Assets.xcassets */; };
		94DC454328B015D70066C2B3 /* Preview Assets.xcassets in Resources */ = {isa = PBXBuildFile; fileRef = 94DC454228B015D70066C2B3 /* Preview Assets.xcassets */; };
		94DC454D28B015D70066C2B3 /* WarCardGameTests.swift in Sources */ = {isa = PBXBuildFile; fileRef = 94DC454C28B015D70066C2B3 /* WarCardGameTests.swift */; };
		94DC455728B015D70066C2B3 /* WarCardGameUITests.swift in Sources */ = {isa = PBXBuildFile; fileRef = 94DC455628B015D70066C2B3 /* WarCardGameUITests.swift */; };
		94DC455928B015D70066C2B3 /* WarCardGameUITestsLaunchTests.swift in Sources */ = {isa = PBXBuildFile; fileRef = 94DC455828B015D70066C2B3 /* WarCardGameUITestsLaunchTests.swift */; };
		94DC456D28B036650066C2B3 /* TerminalDosis-Light.ttf in Resources */ = {isa = PBXBuildFile; fileRef = 94DC456628B036650066C2B3 /* TerminalDosis-Light.ttf */; };
		94DC456E28B036650066C2B3 /* TerminalDosis-Bold.ttf in Resources */ = {isa = PBXBuildFile; fileRef = 94DC456728B036650066C2B3 /* TerminalDosis-Bold.ttf */; };
		94DC456F28B036650066C2B3 /* TerminalDosis-ExtraBold.ttf in Resources */ = {isa = PBXBuildFile; fileRef = 94DC456828B036650066C2B3 /* TerminalDosis-ExtraBold.ttf */; };
		94DC457028B036650066C2B3 /* TerminalDosis-Medium.ttf in Resources */ = {isa = PBXBuildFile; fileRef = 94DC456928B036650066C2B3 /* TerminalDosis-Medium.ttf */; };
		94DC457128B036650066C2B3 /* TerminalDosis-Regular.ttf in Resources */ = {isa = PBXBuildFile; fileRef = 94DC456A28B036650066C2B3 /* TerminalDosis-Regular.ttf */; };
		94DC457228B036650066C2B3 /* TerminalDosis-ExtraLight.ttf in Resources */ = {isa = PBXBuildFile; fileRef = 94DC456B28B036650066C2B3 /* TerminalDosis-ExtraLight.ttf */; };
		94DC457328B036650066C2B3 /* TerminalDosis-SemiBold.ttf in Resources */ = {isa = PBXBuildFile; fileRef = 94DC456C28B036650066C2B3 /* TerminalDosis-SemiBold.ttf */; };
/* End PBXBuildFile section */

/* Begin PBXContainerItemProxy section */
		94DC454928B015D70066C2B3 /* PBXContainerItemProxy */ = {
			isa = PBXContainerItemProxy;
			containerPortal = 94DC453028B015D60066C2B3 /* Project object */;
			proxyType = 1;
			remoteGlobalIDString = 94DC453728B015D60066C2B3;
			remoteInfo = WarCardGame;
		};
		94DC455328B015D70066C2B3 /* PBXContainerItemProxy */ = {
			isa = PBXContainerItemProxy;
			containerPortal = 94DC453028B015D60066C2B3 /* Project object */;
			proxyType = 1;
			remoteGlobalIDString = 94DC453728B015D60066C2B3;
			remoteInfo = WarCardGame;
		};
/* End PBXContainerItemProxy section */

/* Begin PBXFileReference section */
		94DC453828B015D60066C2B3 /* WarCardGame.app */ = {isa = PBXFileReference; explicitFileType = wrapper.application; includeInIndex = 0; path = WarCardGame.app; sourceTree = BUILT_PRODUCTS_DIR; };
		94DC453B28B015D60066C2B3 /* WarCardGameApp.swift */ = {isa = PBXFileReference; lastKnownFileType = sourcecode.swift; path = WarCardGameApp.swift; sourceTree = "<group>"; };
		94DC453D28B015D60066C2B3 /* ContentView.swift */ = {isa = PBXFileReference; lastKnownFileType = sourcecode.swift; path = ContentView.swift; sourceTree = "<group>"; };
		94DC453F28B015D70066C2B3 /* Assets.xcassets */ = {isa = PBXFileReference; lastKnownFileType = folder.assetcatalog; path = Assets.xcassets; sourceTree = "<group>"; };
		94DC454228B015D70066C2B3 /* Preview Assets.xcassets */ = {isa = PBXFileReference; lastKnownFileType = folder.assetcatalog; path = "Preview Assets.xcassets"; sourceTree = "<group>"; };
		94DC454828B015D70066C2B3 /* WarCardGameTests.xctest */ = {isa = PBXFileReference; explicitFileType = wrapper.cfbundle; includeInIndex = 0; path = WarCardGameTests.xctest; sourceTree = BUILT_PRODUCTS_DIR; };
		94DC454C28B015D70066C2B3 /* WarCardGameTests.swift */ = {isa = PBXFileReference; lastKnownFileType = sourcecode.swift; path = WarCardGameTests.swift; sourceTree = "<group>"; };
		94DC455228B015D70066C2B3 /* WarCardGameUITests.xctest */ = {isa = PBXFileReference; explicitFileType = wrapper.cfbundle; includeInIndex = 0; path = WarCardGameUITests.xctest; sourceTree = BUILT_PRODUCTS_DIR; };
		94DC455628B015D70066C2B3 /* WarCardGameUITests.swift */ = {isa = PBXFileReference; lastKnownFileType = sourcecode.swift; path = WarCardGameUITests.swift; sourceTree = "<group>"; };
		94DC455828B015D70066C2B3 /* WarCardGameUITestsLaunchTests.swift */ = {isa = PBXFileReference; lastKnownFileType = sourcecode.swift; path = WarCardGameUITestsLaunchTests.swift; sourceTree = "<group>"; };
		94DC456628B036650066C2B3 /* TerminalDosis-Light.ttf */ = {isa = PBXFileReference; lastKnownFileType = file; path = "TerminalDosis-Light.ttf"; sourceTree = "<group>"; };
		94DC456728B036650066C2B3 /* TerminalDosis-Bold.ttf */ = {isa = PBXFileReference; lastKnownFileType = file; path = "TerminalDosis-Bold.ttf"; sourceTree = "<group>"; };
		94DC456828B036650066C2B3 /* TerminalDosis-ExtraBold.ttf */ = {isa = PBXFileReference; lastKnownFileType = file; path = "TerminalDosis-ExtraBold.ttf"; sourceTree = "<group>"; };
		94DC456928B036650066C2B3 /* TerminalDosis-Medium.ttf */ = {isa = PBXFileReference; lastKnownFileType = file; path = "TerminalDosis-Medium.ttf"; sourceTree = "<group>"; };
		94DC456A28B036650066C2B3 /* TerminalDosis-Regular.ttf */ = {isa = PBXFileReference; lastKnownFileType = file; path = "TerminalDosis-Regular.ttf"; sourceTree = "<group>"; };
		94DC456B28B036650066C2B3 /* TerminalDosis-ExtraLight.ttf */ = {isa = PBXFileReference; lastKnownFileType = file; path = "TerminalDosis-ExtraLight.ttf"; sourceTree = "<group>"; };
		94DC456C28B036650066C2B3 /* TerminalDosis-SemiBold.ttf */ = {isa = PBXFileReference; lastKnownFileType = file; path = "TerminalDosis-SemiBold.ttf"; sourceTree = "<group>"; };
/* End PBXFileReference section */

/* Begin PBXFrameworksBuildPhase section */
		94DC453528B015D60066C2B3 /* Frameworks */ = {
			isa = PBXFrameworksBuildPhase;
			buildActionMask = 2147483647;
			files = (
			);
			runOnlyForDeploymentPostprocessing = 0;
		};
		94DC454528B015D70066C2B3 /* Frameworks */ = {
			isa = PBXFrameworksBuildPhase;
			buildActionMask = 2147483647;
			files = (
			);
			runOnlyForDeploymentPostprocessing = 0;
		};
		94DC454F28B015D70066C2B3 /* Frameworks */ = {
			isa = PBXFrameworksBuildPhase;
			buildActionMask = 2147483647;
			files = (
			);
			runOnlyForDeploymentPostprocessing = 0;
		};
/* End PBXFrameworksBuildPhase section */

/* Begin PBXGroup section */
		94DC452F28B015D60066C2B3 = {
			isa = PBXGroup;
			children = (
				94DC453A28B015D60066C2B3 /* WarCardGame */,
				94DC454B28B015D70066C2B3 /* WarCardGameTests */,
				94DC455528B015D70066C2B3 /* WarCardGameUITests */,
				94DC453928B015D60066C2B3 /* Products */,
			);
			sourceTree = "<group>";
		};
		94DC453928B015D60066C2B3 /* Products */ = {
			isa = PBXGroup;
			children = (
				94DC453828B015D60066C2B3 /* WarCardGame.app */,
				94DC454828B015D70066C2B3 /* WarCardGameTests.xctest */,
				94DC455228B015D70066C2B3 /* WarCardGameUITests.xctest */,
			);
			name = Products;
			sourceTree = "<group>";
		};
		94DC453A28B015D60066C2B3 /* WarCardGame */ = {
			isa = PBXGroup;
			children = (
				94DC456528B035A40066C2B3 /* Fonts */,
				94DC453B28B015D60066C2B3 /* WarCardGameApp.swift */,
				94DC453D28B015D60066C2B3 /* ContentView.swift */,
				94DC453F28B015D70066C2B3 /* Assets.xcassets */,
				94DC454128B015D70066C2B3 /* Preview Content */,
			);
			path = WarCardGame;
			sourceTree = "<group>";
		};
		94DC454128B015D70066C2B3 /* Preview Content */ = {
			isa = PBXGroup;
			children = (
				94DC454228B015D70066C2B3 /* Preview Assets.xcassets */,
			);
			path = "Preview Content";
			sourceTree = "<group>";
		};
		94DC454B28B015D70066C2B3 /* WarCardGameTests */ = {
			isa = PBXGroup;
			children = (
				94DC454C28B015D70066C2B3 /* WarCardGameTests.swift */,
			);
			path = WarCardGameTests;
			sourceTree = "<group>";
		};
		94DC455528B015D70066C2B3 /* WarCardGameUITests */ = {
			isa = PBXGroup;
			children = (
				94DC455628B015D70066C2B3 /* WarCardGameUITests.swift */,
				94DC455828B015D70066C2B3 /* WarCardGameUITestsLaunchTests.swift */,
			);
			path = WarCardGameUITests;
			sourceTree = "<group>";
		};
		94DC456528B035A40066C2B3 /* Fonts */ = {
			isa = PBXGroup;
			children = (
				94DC456728B036650066C2B3 /* TerminalDosis-Bold.ttf */,
				94DC456828B036650066C2B3 /* TerminalDosis-ExtraBold.ttf */,
				94DC456B28B036650066C2B3 /* TerminalDosis-ExtraLight.ttf */,
				94DC456628B036650066C2B3 /* TerminalDosis-Light.ttf */,
				94DC456928B036650066C2B3 /* TerminalDosis-Medium.ttf */,
				94DC456A28B036650066C2B3 /* TerminalDosis-Regular.ttf */,
				94DC456C28B036650066C2B3 /* TerminalDosis-SemiBold.ttf */,
			);
			path = Fonts;
			sourceTree = "<group>";
		};
/* End PBXGroup section */

/* Begin PBXNativeTarget section */
		94DC453728B015D60066C2B3 /* WarCardGame */ = {
			isa = PBXNativeTarget;
			buildConfigurationList = 94DC455C28B015D70066C2B3 /* Build configuration list for PBXNativeTarget "WarCardGame" */;
			buildPhases = (
				94DC453428B015D60066C2B3 /* Sources */,
				94DC453528B015D60066C2B3 /* Frameworks */,
				94DC453628B015D60066C2B3 /* Resources */,
			);
			buildRules = (
			);
			dependencies = (
			);
			name = WarCardGame;
			productName = WarCardGame;
			productReference = 94DC453828B015D60066C2B3 /* WarCardGame.app */;
			productType = "com.apple.product-type.application";
		};
		94DC454728B015D70066C2B3 /* WarCardGameTests */ = {
			isa = PBXNativeTarget;
			buildConfigurationList = 94DC455F28B015D70066C2B3 /* Build configuration list for PBXNativeTarget "WarCardGameTests" */;
			buildPhases = (
				94DC454428B015D70066C2B3 /* Sources */,
				94DC454528B015D70066C2B3 /* Frameworks */,
				94DC454628B015D70066C2B3 /* Resources */,
			);
			buildRules = (
			);
			dependencies = (
				94DC454A28B015D70066C2B3 /* PBXTargetDependency */,
			);
			name = WarCardGameTests;
			productName = WarCardGameTests;
			productReference = 94DC454828B015D70066C2B3 /* WarCardGameTests.xctest */;
			productType = "com.apple.product-type.bundle.unit-test";
		};
		94DC455128B015D70066C2B3 /* WarCardGameUITests */ = {
			isa = PBXNativeTarget;
			buildConfigurationList = 94DC456228B015D70066C2B3 /* Build configuration list for PBXNativeTarget "WarCardGameUITests" */;
			buildPhases = (
				94DC454E28B015D70066C2B3 /* Sources */,
				94DC454F28B015D70066C2B3 /* Frameworks */,
				94DC455028B015D70066C2B3 /* Resources */,
			);
			buildRules = (
			);
			dependencies = (
				94DC455428B015D70066C2B3 /* PBXTargetDependency */,
			);
			name = WarCardGameUITests;
			productName = WarCardGameUITests;
			productReference = 94DC455228B015D70066C2B3 /* WarCardGameUITests.xctest */;
			productType = "com.apple.product-type.bundle.ui-testing";
		};
/* End PBXNativeTarget section */

/* Begin PBXProject section */
		94DC453028B015D60066C2B3 /* Project object */ = {
			isa = PBXProject;
			attributes = {
				BuildIndependentTargetsInParallel = 1;
				LastSwiftUpdateCheck = 1340;
				LastUpgradeCheck = 1340;
				TargetAttributes = {
					94DC453728B015D60066C2B3 = {
						CreatedOnToolsVersion = 13.4.1;
					};
					94DC454728B015D70066C2B3 = {
						CreatedOnToolsVersion = 13.4.1;
						TestTargetID = 94DC453728B015D60066C2B3;
					};
					94DC455128B015D70066C2B3 = {
						CreatedOnToolsVersion = 13.4.1;
						TestTargetID = 94DC453728B015D60066C2B3;
					};
				};
			};
			buildConfigurationList = 94DC453328B015D60066C2B3 /* Build configuration list for PBXProject "WarCardGame" */;
			compatibilityVersion = "Xcode 13.0";
			developmentRegion = en;
			hasScannedForEncodings = 0;
			knownRegions = (
				en,
				Base,
			);
			mainGroup = 94DC452F28B015D60066C2B3;
			productRefGroup = 94DC453928B015D60066C2B3 /* Products */;
			projectDirPath = "";
			projectRoot = "";
			targets = (
				94DC453728B015D60066C2B3 /* WarCardGame */,
				94DC454728B015D70066C2B3 /* WarCardGameTests */,
				94DC455128B015D70066C2B3 /* WarCardGameUITests */,
			);
		};
/* End PBXProject section */

/* Begin PBXResourcesBuildPhase section */
		94DC453628B015D60066C2B3 /* Resources */ = {
			isa = PBXResourcesBuildPhase;
			buildActionMask = 2147483647;
			files = (
				94DC454328B015D70066C2B3 /* Preview Assets.xcassets in Resources */,
				94DC456D28B036650066C2B3 /* TerminalDosis-Light.ttf in Resources */,
				94DC457028B036650066C2B3 /* TerminalDosis-Medium.ttf in Resources */,
				94DC457328B036650066C2B3 /* TerminalDosis-SemiBold.ttf in Resources */,
				94DC456E28B036650066C2B3 /* TerminalDosis-Bold.ttf in Resources */,
				94DC454028B015D70066C2B3 /* Assets.xcassets in Resources */,
				94DC457128B036650066C2B3 /* TerminalDosis-Regular.ttf in Resources */,
				94DC456F28B036650066C2B3 /* TerminalDosis-ExtraBold.ttf in Resources */,
				94DC457228B036650066C2B3 /* TerminalDosis-ExtraLight.ttf in Resources */,
			);
			runOnlyForDeploymentPostprocessing = 0;
		};
		94DC454628B015D70066C2B3 /* Resources */ = {
			isa = PBXResourcesBuildPhase;
			buildActionMask = 2147483647;
			files = (
			);
			runOnlyForDeploymentPostprocessing = 0;
		};
		94DC455028B015D70066C2B3 /* Resources */ = {
			isa = PBXResourcesBuildPhase;
			buildActionMask = 2147483647;
			files = (
			);
			runOnlyForDeploymentPostprocessing = 0;
		};
/* End PBXResourcesBuildPhase section */

/* Begin PBXSourcesBuildPhase section */
		94DC453428B015D60066C2B3 /* Sources */ = {
			isa = PBXSourcesBuildPhase;
			buildActionMask = 2147483647;
			files = (
				94DC453E28B015D60066C2B3 /* ContentView.swift in Sources */,
				94DC453C28B015D60066C2B3 /* WarCardGameApp.swift in Sources */,
			);
			runOnlyForDeploymentPostprocessing = 0;
		};
		94DC454428B015D70066C2B3 /* Sources */ = {
			isa = PBXSourcesBuildPhase;
			buildActionMask = 2147483647;
			files = (
				94DC454D28B015D70066C2B3 /* WarCardGameTests.swift in Sources */,
			);
			runOnlyForDeploymentPostprocessing = 0;
		};
		94DC454E28B015D70066C2B3 /* Sources */ = {
			isa = PBXSourcesBuildPhase;
			buildActionMask = 2147483647;
			files = (
				94DC455728B015D70066C2B3 /* WarCardGameUITests.swift in Sources */,
				94DC455928B015D70066C2B3 /* WarCardGameUITestsLaunchTests.swift in Sources */,
			);
			runOnlyForDeploymentPostprocessing = 0;
		};
/* End PBXSourcesBuildPhase section */

/* Begin PBXTargetDependency section */
		94DC454A28B015D70066C2B3 /* PBXTargetDependency */ = {
			isa = PBXTargetDependency;
			target = 94DC453728B015D60066C2B3 /* WarCardGame */;
			targetProxy = 94DC454928B015D70066C2B3 /* PBXContainerItemProxy */;
		};
		94DC455428B015D70066C2B3 /* PBXTargetDependency */ = {
			isa = PBXTargetDependency;
			target = 94DC453728B015D60066C2B3 /* WarCardGame */;
			targetProxy = 94DC455328B015D70066C2B3 /* PBXContainerItemProxy */;
		};
/* End PBXTargetDependency section */

/* Begin XCBuildConfiguration section */
		94DC455A28B015D70066C2B3 /* Debug */ = {
			isa = XCBuildConfiguration;
			buildSettings = {
				ALWAYS_SEARCH_USER_PATHS = NO;
				CLANG_ANALYZER_NONNULL = YES;
				CLANG_ANALYZER_NUMBER_OBJECT_CONVERSION = YES_AGGRESSIVE;
				CLANG_CXX_LANGUAGE_STANDARD = "gnu++17";
				CLANG_ENABLE_MODULES = YES;
				CLANG_ENABLE_OBJC_ARC = YES;
				CLANG_ENABLE_OBJC_WEAK = YES;
				CLANG_WARN_BLOCK_CAPTURE_AUTORELEASING = YES;
				CLANG_WARN_BOOL_CONVERSION = YES;
				CLANG_WARN_COMMA = YES;
				CLANG_WARN_CONSTANT_CONVERSION = YES;
				CLANG_WARN_DEPRECATED_OBJC_IMPLEMENTATIONS = YES;
				CLANG_WARN_DIRECT_OBJC_ISA_USAGE = YES_ERROR;
				CLANG_WARN_DOCUMENTATION_COMMENTS = YES;
				CLANG_WARN_EMPTY_BODY = YES;
				CLANG_WARN_ENUM_CONVERSION = YES;
				CLANG_WARN_INFINITE_RECURSION = YES;
				CLANG_WARN_INT_CONVERSION = YES;
				CLANG_WARN_NON_LITERAL_NULL_CONVERSION = YES;
				CLANG_WARN_OBJC_IMPLICIT_RETAIN_SELF = YES;
				CLANG_WARN_OBJC_LITERAL_CONVERSION = YES;
				CLANG_WARN_OBJC_ROOT_CLASS = YES_ERROR;
				CLANG_WARN_QUOTED_INCLUDE_IN_FRAMEWORK_HEADER = YES;
				CLANG_WARN_RANGE_LOOP_ANALYSIS = YES;
				CLANG_WARN_STRICT_PROTOTYPES = YES;
				CLANG_WARN_SUSPICIOUS_MOVE = YES;
				CLANG_WARN_UNGUARDED_AVAILABILITY = YES_AGGRESSIVE;
				CLANG_WARN_UNREACHABLE_CODE = YES;
				CLANG_WARN__DUPLICATE_METHOD_MATCH = YES;
				COPY_PHASE_STRIP = NO;
				DEBUG_INFORMATION_FORMAT = dwarf;
				ENABLE_STRICT_OBJC_MSGSEND = YES;
				ENABLE_TESTABILITY = YES;
				GCC_C_LANGUAGE_STANDARD = gnu11;
				GCC_DYNAMIC_NO_PIC = NO;
				GCC_NO_COMMON_BLOCKS = YES;
				GCC_OPTIMIZATION_LEVEL = 0;
				GCC_PREPROCESSOR_DEFINITIONS = (
					"DEBUG=1",
					"$(inherited)",
				);
				GCC_WARN_64_TO_32_BIT_CONVERSION = YES;
				GCC_WARN_ABOUT_RETURN_TYPE = YES_ERROR;
				GCC_WARN_UNDECLARED_SELECTOR = YES;
				GCC_WARN_UNINITIALIZED_AUTOS = YES_AGGRESSIVE;
				GCC_WARN_UNUSED_FUNCTION = YES;
				GCC_WARN_UNUSED_VARIABLE = YES;
				IPHONEOS_DEPLOYMENT_TARGET = 15.5;
				MTL_ENABLE_DEBUG_INFO = INCLUDE_SOURCE;
				MTL_FAST_MATH = YES;
				ONLY_ACTIVE_ARCH = YES;
				SDKROOT = iphoneos;
				SWIFT_ACTIVE_COMPILATION_CONDITIONS = DEBUG;
				SWIFT_OPTIMIZATION_LEVEL = "-Onone";
			};
			name = Debug;
		};
		94DC455B28B015D70066C2B3 /* Release */ = {
			isa = XCBuildConfiguration;
			buildSettings = {
				ALWAYS_SEARCH_USER_PATHS = NO;
				CLANG_ANALYZER_NONNULL = YES;
				CLANG_ANALYZER_NUMBER_OBJECT_CONVERSION = YES_AGGRESSIVE;
				CLANG_CXX_LANGUAGE_STANDARD = "gnu++17";
				CLANG_ENABLE_MODULES = YES;
				CLANG_ENABLE_OBJC_ARC = YES;
				CLANG_ENABLE_OBJC_WEAK = YES;
				CLANG_WARN_BLOCK_CAPTURE_AUTORELEASING = YES;
				CLANG_WARN_BOOL_CONVERSION = YES;
				CLANG_WARN_COMMA = YES;
				CLANG_WARN_CONSTANT_CONVERSION = YES;
				CLANG_WARN_DEPRECATED_OBJC_IMPLEMENTATIONS = YES;
				CLANG_WARN_DIRECT_OBJC_ISA_USAGE = YES_ERROR;
				CLANG_WARN_DOCUMENTATION_COMMENTS = YES;
				CLANG_WARN_EMPTY_BODY = YES;
				CLANG_WARN_ENUM_CONVERSION = YES;
				CLANG_WARN_INFINITE_RECURSION = YES;
				CLANG_WARN_INT_CONVERSION = YES;
				CLANG_WARN_NON_LITERAL_NULL_CONVERSION = YES;
				CLANG_WARN_OBJC_IMPLICIT_RETAIN_SELF = YES;
				CLANG_WARN_OBJC_LITERAL_CONVERSION = YES;
				CLANG_WARN_OBJC_ROOT_CLASS = YES_ERROR;
				CLANG_WARN_QUOTED_INCLUDE_IN_FRAMEWORK_HEADER = YES;
				CLANG_WARN_RANGE_LOOP_ANALYSIS = YES;
				CLANG_WARN_STRICT_PROTOTYPES = YES;
				CLANG_WARN_SUSPICIOUS_MOVE = YES;
				CLANG_WARN_UNGUARDED_AVAILABILITY = YES_AGGRESSIVE;
				CLANG_WARN_UNREACHABLE_CODE = YES;
				CLANG_WARN__DUPLICATE_METHOD_MATCH = YES;
				COPY_PHASE_STRIP = NO;
				DEBUG_INFORMATION_FORMAT = "dwarf-with-dsym";
				ENABLE_NS_ASSERTIONS = NO;
				ENABLE_STRICT_OBJC_MSGSEND = YES;
				GCC_C_LANGUAGE_STANDARD = gnu11;
				GCC_NO_COMMON_BLOCKS = YES;
				GCC_WARN_64_TO_32_BIT_CONVERSION = YES;
				GCC_WARN_ABOUT_RETURN_TYPE = YES_ERROR;
				GCC_WARN_UNDECLARED_SELECTOR = YES;
				GCC_WARN_UNINITIALIZED_AUTOS = YES_AGGRESSIVE;
				GCC_WARN_UNUSED_FUNCTION = YES;
				GCC_WARN_UNUSED_VARIABLE = YES;
				IPHONEOS_DEPLOYMENT_TARGET = 15.5;
				MTL_ENABLE_DEBUG_INFO = NO;
				MTL_FAST_MATH = YES;
				SDKROOT = iphoneos;
				SWIFT_COMPILATION_MODE = wholemodule;
				SWIFT_OPTIMIZATION_LEVEL = "-O";
				VALIDATE_PRODUCT = YES;
			};
			name = Release;
		};
		94DC455D28B015D70066C2B3 /* Debug */ = {
			isa = XCBuildConfiguration;
			buildSettings = {
				ASSETCATALOG_COMPILER_APPICON_NAME = AppIcon;
				ASSETCATALOG_COMPILER_GLOBAL_ACCENT_COLOR_NAME = AccentColor;
				CODE_SIGN_STYLE = Automatic;
				CURRENT_PROJECT_VERSION = 1;
				DEVELOPMENT_ASSET_PATHS = "\"WarCardGame/Preview Content\"";
				ENABLE_PREVIEWS = YES;
				GENERATE_INFOPLIST_FILE = YES;
				INFOPLIST_KEY_UIApplicationSceneManifest_Generation = YES;
				INFOPLIST_KEY_UIApplicationSupportsIndirectInputEvents = YES;
				INFOPLIST_KEY_UILaunchScreen_Generation = YES;
				INFOPLIST_KEY_UISupportedInterfaceOrientations_iPad = "UIInterfaceOrientationPortrait UIInterfaceOrientationPortraitUpsideDown UIInterfaceOrientationLandscapeLeft UIInterfaceOrientationLandscapeRight";
				INFOPLIST_KEY_UISupportedInterfaceOrientations_iPhone = "UIInterfaceOrientationPortrait UIInterfaceOrientationLandscapeLeft UIInterfaceOrientationLandscapeRight";
				LD_RUNPATH_SEARCH_PATHS = (
					"$(inherited)",
					"@executable_path/Frameworks",
				);
				MARKETING_VERSION = 1.0;
				PRODUCT_BUNDLE_IDENTIFIER = MattSilveria.WarCardGame;
				PRODUCT_NAME = "$(TARGET_NAME)";
				SWIFT_EMIT_LOC_STRINGS = YES;
				SWIFT_VERSION = 5.0;
				TARGETED_DEVICE_FAMILY = "1,2";
			};
			name = Debug;
		};
		94DC455E28B015D70066C2B3 /* Release */ = {
			isa = XCBuildConfiguration;
			buildSettings = {
				ASSETCATALOG_COMPILER_APPICON_NAME = AppIcon;
				ASSETCATALOG_COMPILER_GLOBAL_ACCENT_COLOR_NAME = AccentColor;
				CODE_SIGN_STYLE = Automatic;
				CURRENT_PROJECT_VERSION = 1;
				DEVELOPMENT_ASSET_PATHS = "\"WarCardGame/Preview Content\"";
				ENABLE_PREVIEWS = YES;
				GENERATE_INFOPLIST_FILE = YES;
				INFOPLIST_KEY_UIApplicationSceneManifest_Generation = YES;
				INFOPLIST_KEY_UIApplicationSupportsIndirectInputEvents = YES;
				INFOPLIST_KEY_UILaunchScreen_Generation = YES;
				INFOPLIST_KEY_UISupportedInterfaceOrientations_iPad = "UIInterfaceOrientationPortrait UIInterfaceOrientationPortraitUpsideDown UIInterfaceOrientationLandscapeLeft UIInterfaceOrientationLandscapeRight";
				INFOPLIST_KEY_UISupportedInterfaceOrientations_iPhone = "UIInterfaceOrientationPortrait UIInterfaceOrientationLandscapeLeft UIInterfaceOrientationLandscapeRight";
				LD_RUNPATH_SEARCH_PATHS = (
					"$(inherited)",
					"@executable_path/Frameworks",
				);
				MARKETING_VERSION = 1.0;
				PRODUCT_BUNDLE_IDENTIFIER = MattSilveria.WarCardGame;
				PRODUCT_NAME = "$(TARGET_NAME)";
				SWIFT_EMIT_LOC_STRINGS = YES;
				SWIFT_VERSION = 5.0;
				TARGETED_DEVICE_FAMILY = "1,2";
			};
			name = Release;
		};
		94DC456028B015D70066C2B3 /* Debug */ = {
			isa = XCBuildConfiguration;
			buildSettings = {
				ALWAYS_EMBED_SWIFT_STANDARD_LIBRARIES = YES;
				BUNDLE_LOADER = "$(TEST_HOST)";
				CODE_SIGN_STYLE = Automatic;
				CURRENT_PROJECT_VERSION = 1;
				GENERATE_INFOPLIST_FILE = YES;
				IPHONEOS_DEPLOYMENT_TARGET = 15.5;
				MARKETING_VERSION = 1.0;
				PRODUCT_BUNDLE_IDENTIFIER = MattSilveria.WarCardGameTests;
				PRODUCT_NAME = "$(TARGET_NAME)";
				SWIFT_EMIT_LOC_STRINGS = NO;
				SWIFT_VERSION = 5.0;
				TARGETED_DEVICE_FAMILY = "1,2";
				TEST_HOST = "$(BUILT_PRODUCTS_DIR)/WarCardGame.app/WarCardGame";
			};
			name = Debug;
		};
		94DC456128B015D70066C2B3 /* Release */ = {
			isa = XCBuildConfiguration;
			buildSettings = {
				ALWAYS_EMBED_SWIFT_STANDARD_LIBRARIES = YES;
				BUNDLE_LOADER = "$(TEST_HOST)";
				CODE_SIGN_STYLE = Automatic;
				CURRENT_PROJECT_VERSION = 1;
				GENERATE_INFOPLIST_FILE = YES;
				IPHONEOS_DEPLOYMENT_TARGET = 15.5;
				MARKETING_VERSION = 1.0;
				PRODUCT_BUNDLE_IDENTIFIER = MattSilveria.WarCardGameTests;
				PRODUCT_NAME = "$(TARGET_NAME)";
				SWIFT_EMIT_LOC_STRINGS = NO;
				SWIFT_VERSION = 5.0;
				TARGETED_DEVICE_FAMILY = "1,2";
				TEST_HOST = "$(BUILT_PRODUCTS_DIR)/WarCardGame.app/WarCardGame";
			};
			name = Release;
		};
		94DC456328B015D70066C2B3 /* Debug */ = {
			isa = XCBuildConfiguration;
			buildSettings = {
				ALWAYS_EMBED_SWIFT_STANDARD_LIBRARIES = YES;
				CODE_SIGN_STYLE = Automatic;
				CURRENT_PROJECT_VERSION = 1;
				GENERATE_INFOPLIST_FILE = YES;
				MARKETING_VERSION = 1.0;
				PRODUCT_BUNDLE_IDENTIFIER = MattSilveria.WarCardGameUITests;
				PRODUCT_NAME = "$(TARGET_NAME)";
				SWIFT_EMIT_LOC_STRINGS = NO;
				SWIFT_VERSION = 5.0;
				TARGETED_DEVICE_FAMILY = "1,2";
				TEST_TARGET_NAME = WarCardGame;
			};
			name = Debug;
		};
		94DC456428B015D70066C2B3 /* Release */ = {
			isa = XCBuildConfiguration;
			buildSettings = {
				ALWAYS_EMBED_SWIFT_STANDARD_LIBRARIES = YES;
				CODE_SIGN_STYLE = Automatic;
				CURRENT_PROJECT_VERSION = 1;
				GENERATE_INFOPLIST_FILE = YES;
				MARKETING_VERSION = 1.0;
				PRODUCT_BUNDLE_IDENTIFIER = MattSilveria.WarCardGameUITests;
				PRODUCT_NAME = "$(TARGET_NAME)";
				SWIFT_EMIT_LOC_STRINGS = NO;
				SWIFT_VERSION = 5.0;
				TARGETED_DEVICE_FAMILY = "1,2";
				TEST_TARGET_NAME = WarCardGame;
			};
			name = Release;
		};
/* End XCBuildConfiguration section */

/* Begin XCConfigurationList section */
		94DC453328B015D60066C2B3 /* Build configuration list for PBXProject "WarCardGame" */ = {
			isa = XCConfigurationList;
			buildConfigurations = (
				94DC455A28B015D70066C2B3 /* Debug */,
				94DC455B28B015D70066C2B3 /* Release */,
			);
			defaultConfigurationIsVisible = 0;
			defaultConfigurationName = Release;
		};
		94DC455C28B015D70066C2B3 /* Build configuration list for PBXNativeTarget "WarCardGame" */ = {
			isa = XCConfigurationList;
			buildConfigurations = (
				94DC455D28B015D70066C2B3 /* Debug */,
				94DC455E28B015D70066C2B3 /* Release */,
			);
			defaultConfigurationIsVisible = 0;
			defaultConfigurationName = Release;
		};
		94DC455F28B015D70066C2B3 /* Build configuration list for PBXNativeTarget "WarCardGameTests" */ = {
			isa = XCConfigurationList;
			buildConfigurations = (
				94DC456028B015D70066C2B3 /* Debug */,
				94DC456128B015D70066C2B3 /* Release */,
			);
			defaultConfigurationIsVisible = 0;
			defaultConfigurationName = Release;
		};
		94DC456228B015D70066C2B3 /* Build configuration list for PBXNativeTarget "WarCardGameUITests" */ = {
			isa = XCConfigurationList;
			buildConfigurations = (
				94DC456328B015D70066C2B3 /* Debug */,
				94DC456428B015D70066C2B3 /* Release */,
			);
			defaultConfigurationIsVisible = 0;
			defaultConfigurationName = Release;
		};
/* End XCConfigurationList section */
	};
	rootObject = 94DC453028B015D60066C2B3 /* Project object */;
}
